
Microsoft Visual Studio Solution File, Format Version 12.00
# Visual Studio Version 17
VisualStudioVersion = 17.11.35303.130
MinimumVisualStudioVersion = 10.0.40219.1
Project("{FAE04EC0-301F-11D3-BF4B-00C04F79EFBC}") = "CodeFirstApproach", "CodeFirstApproach\CodeFirstApproach.csproj", "{59D85674-3222-4593-97CB-7A2C3605DA70}"
EndProject
Global
	GlobalSection(SolutionConfigurationPlatforms) = preSolution
		Debug|Any CPU = Debug|Any CPU
		Release|Any CPU = Release|Any CPU
	EndGlobalSection
	GlobalSection(ProjectConfigurationPlatforms) = postSolution
		{59D85674-3222-4593-97CB-7A2C3605DA70}.Debug|Any CPU.ActiveCfg = Debug|Any CPU
		{59D85674-3222-4593-97CB-7A2C3605DA70}.Debug|Any CPU.Build.0 = Debug|Any CPU
		{59D85674-3222-4593-97CB-7A2C3605DA70}.Release|Any CPU.ActiveCfg = Release|Any CPU
		{59D85674-3222-4593-97CB-7A2C3605DA70}.Release|Any CPU.Build.0 = Release|Any CPU
	EndGlobalSection
	GlobalSection(SolutionProperties) = preSolution
		HideSolutionNode = FALSE
	EndGlobalSection
	GlobalSection(ExtensibilityGlobals) = postSolution
		SolutionGuid = {79730BDA-5A7A-46CB-9C44-0CCE09E00413}
	EndGlobalSection
EndGlobal
